// !$*UTF8*$!
{
	archiveVersion = 1;
	classes = {
	};
	objectVersion = 46;
	objects = {

/* Begin PBXBuildFile section */
		C916B0291BDB3FB6008DAA26 /* RoadEvent.swift in Sources */ = {isa = PBXBuildFile; fileRef = C916B0281BDB3FB6008DAA26 /* RoadEvent.swift */; settings = {ASSET_TAGS = (); }; };
		C93026531BE03E35000728D5 /* XMLParser.swift in Sources */ = {isa = PBXBuildFile; fileRef = C93026521BE03E35000728D5 /* XMLParser.swift */; settings = {ASSET_TAGS = (); }; };
		C93026551BE03E7A000728D5 /* Complex.swift in Sources */ = {isa = PBXBuildFile; fileRef = C93026541BE03E7A000728D5 /* Complex.swift */; settings = {ASSET_TAGS = (); }; };
		C93026571BE0417F000728D5 /* NZMGConverter.swift in Sources */ = {isa = PBXBuildFile; fileRef = C93026561BE0417F000728D5 /* NZMGConverter.swift */; settings = {ASSET_TAGS = (); }; };
		C95F8DC31BD87C3C0073BF10 /* main.swift in Sources */ = {isa = PBXBuildFile; fileRef = C95F8DC21BD87C3C0073BF10 /* main.swift */; };
/* End PBXBuildFile section */

/* Begin PBXCopyFilesBuildPhase section */
		C95F8DBD1BD87C3C0073BF10 /* CopyFiles */ = {
			isa = PBXCopyFilesBuildPhase;
			buildActionMask = 2147483647;
			dstPath = /usr/share/man/man1/;
			dstSubfolderSpec = 0;
			files = (
			);
			runOnlyForDeploymentPostprocessing = 1;
		};
/* End PBXCopyFilesBuildPhase section */

/* Begin PBXFileReference section */
		C916B0281BDB3FB6008DAA26 /* RoadEvent.swift */ = {isa = PBXFileReference; fileEncoding = 4; lastKnownFileType = sourcecode.swift; path = RoadEvent.swift; sourceTree = "<group>"; };
		C93026521BE03E35000728D5 /* XMLParser.swift */ = {isa = PBXFileReference; fileEncoding = 4; lastKnownFileType = sourcecode.swift; path = XMLParser.swift; sourceTree = "<group>"; };
		C93026541BE03E7A000728D5 /* Complex.swift */ = {isa = PBXFileReference; fileEncoding = 4; lastKnownFileType = sourcecode.swift; path = Complex.swift; sourceTree = "<group>"; };
		C93026561BE0417F000728D5 /* NZMGConverter.swift */ = {isa = PBXFileReference; fileEncoding = 4; lastKnownFileType = sourcecode.swift; path = NZMGConverter.swift; sourceTree = "<group>"; };
		C95F8DBF1BD87C3C0073BF10 /* RoadInfoTest */ = {isa = PBXFileReference; explicitFileType = "compiled.mach-o.executable"; includeInIndex = 0; path = RoadInfoTest; sourceTree = BUILT_PRODUCTS_DIR; };
		C95F8DC21BD87C3C0073BF10 /* main.swift */ = {isa = PBXFileReference; lastKnownFileType = sourcecode.swift; path = main.swift; sourceTree = "<group>"; };
/* End PBXFileReference section */

/* Begin PBXFrameworksBuildPhase section */
		C95F8DBC1BD87C3C0073BF10 /* Frameworks */ = {
			isa = PBXFrameworksBuildPhase;
			buildActionMask = 2147483647;
			files = (
			);
			runOnlyForDeploymentPostprocessing = 0;
		};
/* End PBXFrameworksBuildPhase section */

/* Begin PBXGroup section */
		C95F8DB61BD87C3C0073BF10 = {
			isa = PBXGroup;
			children = (
				C95F8DC11BD87C3C0073BF10 /* RoadInfoTest */,
				C95F8DC01BD87C3C0073BF10 /* Products */,
			);
			sourceTree = "<group>";
		};
		C95F8DC01BD87C3C0073BF10 /* Products */ = {
			isa = PBXGroup;
			children = (
				C95F8DBF1BD87C3C0073BF10 /* RoadInfoTest */,
			);
			name = Products;
			sourceTree = "<group>";
		};
		C95F8DC11BD87C3C0073BF10 /* RoadInfoTest */ = {
			isa = PBXGroup;
			children = (
				C93026541BE03E7A000728D5 /* Complex.swift */,
				C93026561BE0417F000728D5 /* NZMGConverter.swift */,
				C93026521BE03E35000728D5 /* XMLParser.swift */,
				C916B0281BDB3FB6008DAA26 /* RoadEvent.swift */,
				C95F8DC21BD87C3C0073BF10 /* main.swift */,
			);
			path = RoadInfoTest;
			sourceTree = "<group>";
		};
/* End PBXGroup section */

/* Begin PBXNativeTarget section */
		C95F8DBE1BD87C3C0073BF10 /* RoadInfoTest */ = {
			isa = PBXNativeTarget;
			buildConfigurationList = C95F8DC61BD87C3C0073BF10 /* Build configuration list for PBXNativeTarget "RoadInfoTest" */;
			buildPhases = (
				C95F8DBB1BD87C3C0073BF10 /* Sources */,
				C95F8DBC1BD87C3C0073BF10 /* Frameworks */,
				C95F8DBD1BD87C3C0073BF10 /* CopyFiles */,
			);
			buildRules = (
			);
			dependencies = (
			);
			name = RoadInfoTest;
			productName = RoadInfoTest;
			productReference = C95F8DBF1BD87C3C0073BF10 /* RoadInfoTest */;
			productType = "com.apple.product-type.tool";
		};
/* End PBXNativeTarget section */

/* Begin PBXProject section */
		C95F8DB71BD87C3C0073BF10 /* Project object */ = {
			isa = PBXProject;
			attributes = {
				LastUpgradeCheck = 0700;
				ORGANIZATIONNAME = Niobium;
				TargetAttributes = {
					C95F8DBE1BD87C3C0073BF10 = {
						CreatedOnToolsVersion = 7.0.1;
					};
				};
			};
			buildConfigurationList = C95F8DBA1BD87C3C0073BF10 /* Build configuration list for PBXProject "RoadInfoTest" */;
			compatibilityVersion = "Xcode 3.2";
			developmentRegion = English;
			hasScannedForEncodings = 0;
			knownRegions = (
				en,
			);
			mainGroup = C95F8DB61BD87C3C0073BF10;
			productRefGroup = C95F8DC01BD87C3C0073BF10 /* Products */;
			projectDirPath = "";
			projectRoot = "";
			targets = (
				C95F8DBE1BD87C3C0073BF10 /* RoadInfoTest */,
			);
		};
/* End PBXProject section */

/* Begin PBXSourcesBuildPhase section */
		C95F8DBB1BD87C3C0073BF10 /* Sources */ = {
			isa = PBXSourcesBuildPhase;
			buildActionMask = 2147483647;
			files = (
				C93026551BE03E7A000728D5 /* Complex.swift in Sources */,
				C916B0291BDB3FB6008DAA26 /* RoadEvent.swift in Sources */,
				C95F8DC31BD87C3C0073BF10 /* main.swift in Sources */,
				C93026571BE0417F000728D5 /* NZMGConverter.swift in Sources */,
				C93026531BE03E35000728D5 /* XMLParser.swift in Sources */,
			);
			runOnlyForDeploymentPostprocessing = 0;
		};
/* End PBXSourcesBuildPhase section */

/* Begin XCBuildConfiguration section */
		C95F8DC41BD87C3C0073BF10 /* Debug */ = {
			isa = XCBuildConfiguration;
			buildSettings = {
				ALWAYS_SEARCH_USER_PATHS = NO;
				CLANG_CXX_LANGUAGE_STANDARD = "gnu++0x";
				CLANG_CXX_LIBRARY = "libc++";
				CLANG_ENABLE_MODULES = YES;
				CLANG_ENABLE_OBJC_ARC = YES;
				CLANG_WARN_BOOL_CONVERSION = YES;
				CLANG_WARN_CONSTANT_CONVERSION = YES;
				CLANG_WARN_DIRECT_OBJC_ISA_USAGE = YES_ERROR;
				CLANG_WARN_EMPTY_BODY = YES;
				CLANG_WARN_ENUM_CONVERSION = YES;
				CLANG_WARN_INT_CONVERSION = YES;
				CLANG_WARN_OBJC_ROOT_CLASS = YES_ERROR;
				CLANG_WARN_UNREACHABLE_CODE = YES;
				CLANG_WARN__DUPLICATE_METHOD_MATCH = YES;
				COPY_PHASE_STRIP = NO;
				DEBUG_INFORMATION_FORMAT = dwarf;
				ENABLE_STRICT_OBJC_MSGSEND = YES;
				ENABLE_TESTABILITY = YES;
				GCC_C_LANGUAGE_STANDARD = gnu99;
				GCC_DYNAMIC_NO_PIC = NO;
				GCC_NO_COMMON_BLOCKS = YES;
				GCC_OPTIMIZATION_LEVEL = 0;
				GCC_PREPROCESSOR_DEFINITIONS = (
					"DEBUG=1",
					"$(inherited)",
				);
				GCC_WARN_64_TO_32_BIT_CONVERSION = YES;
				GCC_WARN_ABOUT_RETURN_TYPE = YES_ERROR;
				GCC_WARN_UNDECLARED_SELECTOR = YES;
				GCC_WARN_UNINITIALIZED_AUTOS = YES_AGGRESSIVE;
				GCC_WARN_UNUSED_FUNCTION = YES;
				GCC_WARN_UNUSED_VARIABLE = YES;
				MACOSX_DEPLOYMENT_TARGET = 10.11;
				MTL_ENABLE_DEBUG_INFO = YES;
				ONLY_ACTIVE_ARCH = YES;
				SDKROOT = macosx;
				SWIFT_OPTIMIZATION_LEVEL = "-Onone";
			};
			name = Debug;
		};
		C95F8DC51BD87C3C0073BF10 /* Release */ = {
			isa = XCBuildConfiguration;
			buildSettings = {
				ALWAYS_SEARCH_USER_PATHS = NO;
				CLANG_CXX_LANGUAGE_STANDARD = "gnu++0x";
				CLANG_CXX_LIBRARY = "libc++";
				CLANG_ENABLE_MODULES = YES;
				CLANG_ENABLE_OBJC_ARC = YES;
				CLANG_WARN_BOOL_CONVERSION = YES;
				CLANG_WARN_CONSTANT_CONVERSION = YES;
				CLANG_WARN_DIRECT_OBJC_ISA_USAGE = YES_ERROR;
				CLANG_WARN_EMPTY_BODY = YES;
				CLANG_WARN_ENUM_CONVERSION = YES;
				CLANG_WARN_INT_CONVERSION = YES;
				CLANG_WARN_OBJC_ROOT_CLASS = YES_ERROR;
				CLANG_WARN_UNREACHABLE_CODE = YES;
				CLANG_WARN__DUPLICATE_METHOD_MATCH = YES;
				COPY_PHASE_STRIP = NO;
				DEBUG_INFORMATION_FORMAT = "dwarf-with-dsym";
				ENABLE_NS_ASSERTIONS = NO;
				ENABLE_STRICT_OBJC_MSGSEND = YES;
				GCC_C_LANGUAGE_STANDARD = gnu99;
				GCC_NO_COMMON_BLOCKS = YES;
				GCC_WARN_64_TO_32_BIT_CONVERSION = YES;
				GCC_WARN_ABOUT_RETURN_TYPE = YES_ERROR;
				GCC_WARN_UNDECLARED_SELECTOR = YES;
				GCC_WARN_UNINITIALIZED_AUTOS = YES_AGGRESSIVE;
				GCC_WARN_UNUSED_FUNCTION = YES;
				GCC_WARN_UNUSED_VARIABLE = YES;
				MACOSX_DEPLOYMENT_TARGET = 10.11;
				MTL_ENABLE_DEBUG_INFO = NO;
				SDKROOT = macosx;
			};
			name = Release;
		};
		C95F8DC71BD87C3C0073BF10 /* Debug */ = {
			isa = XCBuildConfiguration;
			buildSettings = {
				PRODUCT_NAME = "$(TARGET_NAME)";
			};
			name = Debug;
		};
		C95F8DC81BD87C3C0073BF10 /* Release */ = {
			isa = XCBuildConfiguration;
			buildSettings = {
				PRODUCT_NAME = "$(TARGET_NAME)";
			};
			name = Release;
		};
/* End XCBuildConfiguration section */

/* Begin XCConfigurationList section */
		C95F8DBA1BD87C3C0073BF10 /* Build configuration list for PBXProject "RoadInfoTest" */ = {
			isa = XCConfigurationList;
			buildConfigurations = (
				C95F8DC41BD87C3C0073BF10 /* Debug */,
				C95F8DC51BD87C3C0073BF10 /* Release */,
			);
			defaultConfigurationIsVisible = 0;
			defaultConfigurationName = Release;
		};
		C95F8DC61BD87C3C0073BF10 /* Build configuration list for PBXNativeTarget "RoadInfoTest" */ = {
			isa = XCConfigurationList;
			buildConfigurations = (
				C95F8DC71BD87C3C0073BF10 /* Debug */,
				C95F8DC81BD87C3C0073BF10 /* Release */,
			);
			defaultConfigurationIsVisible = 0;
			defaultConfigurationName = Release;
		};
/* End XCConfigurationList section */
	};
	rootObject = C95F8DB71BD87C3C0073BF10 /* Project object */;
}
